{
  "name": "ratingapp",
  "lockfileVersion": 2,
  "requires": true,
  "packages": {
    "": {
      "dependencies": {
        "framer-motion": "^6.4.3"
      }
    },
    "node_modules/@emotion/is-prop-valid": {
      "version": "0.8.8",
      "resolved": "https://registry.npmjs.org/@emotion/is-prop-valid/-/is-prop-valid-0.8.8.tgz",
      "integrity": "sha512-u5WtneEAr5IDG2Wv65yhunPSMLIpuKsbuOktRojfrEiEvRyC85LgPMZI63cr7NUqT8ZIGdSVg8ZKGxIug4lXcA==",
      "optional": true,
      "dependencies": {
        "@emotion/memoize": "0.7.4"
      }
    },
    "node_modules/@emotion/memoize": {
      "version": "0.7.4",
      "resolved": "https://registry.npmjs.org/@emotion/memoize/-/memoize-0.7.4.tgz",
      "integrity": "sha512-Ja/Vfqe3HpuzRsG1oBtWTHk2PGZ7GR+2Vz5iYGelAw8dx32K0y7PjVuxK6z1nMpZOqAFsRUPCkK1YjJ56qJlgw==",
      "optional": true
    },
    "node_modules/@motionone/animation": {
      "version": "10.10.1",
      "resolved": "https://registry.npmjs.org/@motionone/animation/-/animation-10.10.1.tgz",
      "integrity": "sha512-iX839/Ir5wT7hVX0yCZYjcDhHAOkVR5hIhVBTf37qEUD693uVwrxC2i1BI9vMVPc1rIoFtftYjOtwoO9Oq/aog==",
      "dependencies": {
        "@motionone/easing": "^10.9.0",
        "@motionone/types": "^10.9.0",
        "@motionone/utils": "^10.9.0",
        "tslib": "^2.3.1"
      }
    },
    "node_modules/@motionone/dom": {
      "version": "10.11.2",
      "resolved": "https://registry.npmjs.org/@motionone/dom/-/dom-10.11.2.tgz",
      "integrity": "sha512-0SX4acPV1srcnzi0ZKzeq/aqDq86Wwd2G2RiLbLhIGFB3zZB/rJ46yNW3AUhSPKEQLCL20J3e8V4hyfPdEZ5TA==",
      "dependencies": {
        "@motionone/animation": "^10.10.1",
        "@motionone/generators": "^10.9.0",
        "@motionone/types": "^10.9.0",
        "@motionone/utils": "^10.9.0",
        "hey-listen": "^1.0.8",
        "tslib": "^2.3.1"
      }
    },
    "node_modules/@motionone/easing": {
      "version": "10.9.0",
      "resolved": "https://registry.npmjs.org/@motionone/easing/-/easing-10.9.0.tgz",
      "integrity": "sha512-FYIr3HlQEb7aE5LOpY6BPQUaPyKeJt6VfGA+npy73+JIGqoVOjbrdZ1ZQxzTXqO76mG3UZvv1+twrDamRQsxFw==",
      "dependencies": {
        "@motionone/utils": "^10.9.0",
        "tslib": "^2.3.1"
      }
    },
    "node_modules/@motionone/generators": {
      "version": "10.9.0",
      "resolved": "https://registry.npmjs.org/@motionone/generators/-/generators-10.9.0.tgz",
      "integrity": "sha512-BOkHx4qQswJV+z/6k05qdvRENE4hG606NI5cIPTsLtSuksnRn83utuj/15VTNoFeYHuTdhwzxvIPvlPVayIGTg==",
      "dependencies": {
        "@motionone/types": "^10.9.0",
        "@motionone/utils": "^10.9.0",
        "tslib": "^2.3.1"
      }
    },
    "node_modules/@motionone/types": {
      "version": "10.9.0",
      "resolved": "https://registry.npmjs.org/@motionone/types/-/types-10.9.0.tgz",
      "integrity": "sha512-ZcEDfsrS2ym9+vExV7+59avkzEO/PLkNj16uaDvbWhi0Q/vOZ72j2LQTrtDLWVyZRIeUaB/i8DJP017Gj6UYQw=="
    },
    "node_modules/@motionone/utils": {
      "version": "10.9.0",
      "resolved": "https://registry.npmjs.org/@motionone/utils/-/utils-10.9.0.tgz",
      "integrity": "sha512-5IgmwQ8TdH1HsQ9d2QZeBCu9+HkqjoYRYItRpmusoyiedPMZaKdU3pr3qFP5nbAj68Ww2sTUxgEZEOF20qJA6w==",
      "dependencies": {
        "@motionone/types": "^10.9.0",
        "hey-listen": "^1.0.8",
        "tslib": "^2.3.1"
      }
    },
    "node_modules/framer-motion": {
      "version": "6.4.3",
      "resolved": "https://registry.npmjs.org/framer-motion/-/framer-motion-6.4.3.tgz",
      "integrity": "sha512-prcyOGFkGjwGEgbxObIWteVz1ihuWaDLdR03626cbA1GxTaPRpLb8ioJfWPmP5mwcWC7TlhMOjS5kBYnuiktFA==",
      "dependencies": {
        "@motionone/dom": "^10.11.1",
        "framesync": "6.0.1",
        "hey-listen": "^1.0.8",
        "popmotion": "11.0.3",
        "style-value-types": "5.0.0",
        "tslib": "^2.1.0"
      },
      "optionalDependencies": {
        "@emotion/is-prop-valid": "^0.8.2"
      },
      "peerDependencies": {
        "react": ">=16.8 || ^17.0.0 || ^18.0.0",
        "react-dom": ">=16.8 || ^17.0.0 || ^18.0.0"
      }
    },
    "node_modules/framesync": {
      "version": "6.0.1",
      "resolved": "https://registry.npmjs.org/framesync/-/framesync-6.0.1.tgz",
      "integrity": "sha512-fUY88kXvGiIItgNC7wcTOl0SNRCVXMKSWW2Yzfmn7EKNc+MpCzcz9DhdHcdjbrtN3c6R4H5dTY2jiCpPdysEjA==",
      "dependencies": {
        "tslib": "^2.1.0"
      }
    },
    "node_modules/hey-listen": {
      "version": "1.0.8",
      "resolved": "https://registry.npmjs.org/hey-listen/-/hey-listen-1.0.8.tgz",
      "integrity": "sha512-COpmrF2NOg4TBWUJ5UVyaCU2A88wEMkUPK4hNqyCkqHbxT92BbvfjoSozkAIIm6XhicGlJHhFdullInrdhwU8Q=="
    },
    "node_modules/js-tokens": {
      "version": "4.0.0",
      "resolved": "https://registry.npmjs.org/js-tokens/-/js-tokens-4.0.0.tgz",
      "integrity": "sha512-RdJUflcE3cUzKiMqQgsCu06FPu9UdIJO0beYbPhHN4k6apgJtifcoCtT9bcxOpYBtpD2kCM6Sbzg4CausW/PKQ==",
      "peer": true
    },
    "node_modules/loose-envify": {
      "version": "1.4.0",
      "resolved": "https://registry.npmjs.org/loose-envify/-/loose-envify-1.4.0.tgz",
      "integrity": "sha512-lyuxPGr/Wfhrlem2CL/UcnUc1zcqKAImBDzukY7Y5F/yQiNdko6+fRLevlw1HgMySw7f611UIY408EtxRSoK3Q==",
      "peer": true,
      "dependencies": {
        "js-tokens": "^3.0.0 || ^4.0.0"
      },
      "bin": {
        "loose-envify": "cli.js"
      }
    },
    "node_modules/popmotion": {
      "version": "11.0.3",
      "resolved": "https://registry.npmjs.org/popmotion/-/popmotion-11.0.3.tgz",
      "integrity": "sha512-Y55FLdj3UxkR7Vl3s7Qr4e9m0onSnP8W7d/xQLsoJM40vs6UKHFdygs6SWryasTZYqugMjm3BepCF4CWXDiHgA==",
      "dependencies": {
        "framesync": "6.0.1",
        "hey-listen": "^1.0.8",
        "style-value-types": "5.0.0",
        "tslib": "^2.1.0"
      }
    },
    "node_modules/react": {
      "version": "18.2.0",
      "resolved": "https://registry.npmjs.org/react/-/react-18.2.0.tgz",
      "integrity": "sha512-/3IjMdb2L9QbBdWiW5e3P2/npwMBaU9mHCSCUzNln0ZCYbcfTsGbTJrU/kGemdH2IWmB2ioZ+zkxtmq6g09fGQ==",
      "peer": true,
      "dependencies": {
        "loose-envify": "^1.1.0"
      },
      "engines": {
        "node": ">=0.10.0"
      }
    },
    "node_modules/react-dom": {
      "version": "18.2.0",
      "resolved": "https://registry.npmjs.org/react-dom/-/react-dom-18.2.0.tgz",
      "integrity": "sha512-6IMTriUmvsjHUjNtEDudZfuDQUoWXVxKHhlEGSk81n4YFS+r/Kl99wXiwlVXtPBtJenozv2P+hxDsw9eA7Xo6g==",
      "peer": true,
      "dependencies": {
        "loose-envify": "^1.1.0",
        "scheduler": "^0.23.0"
      },
      "peerDependencies": {
        "react": "^18.2.0"
      }
    },
    "node_modules/scheduler": {
      "version": "0.23.0",
      "resolved": "https://registry.npmjs.org/scheduler/-/scheduler-0.23.0.tgz",
      "integrity": "sha512-CtuThmgHNg7zIZWAXi3AsyIzA3n4xx7aNyjwC2VJldO2LMVDhFK+63xGqq6CsJH4rTAt6/M+N4GhZiDYPx9eUw==",
      "peer": true,
      "dependencies": {
        "loose-envify": "^1.1.0"
      }
    },
    "node_modules/style-value-types": {
      "version": "5.0.0",
      "resolved": "https://registry.npmjs.org/style-value-types/-/style-value-types-5.0.0.tgz",
      "integrity": "sha512-08yq36Ikn4kx4YU6RD7jWEv27v4V+PUsOGa4n/as8Et3CuODMJQ00ENeAVXAeydX4Z2j1XHZF1K2sX4mGl18fA==",
      "dependencies": {
        "hey-listen": "^1.0.8",
        "tslib": "^2.1.0"
      }
    },
    "node_modules/tslib": {
      "version": "2.4.0",
      "resolved": "https://registry.npmjs.org/tslib/-/tslib-2.4.0.tgz",
      "integrity": "sha512-d6xOpEDfsi2CZVlPQzGeux8XMwLT9hssAsaPYExaQMuYskwb+x1x7J371tWlbBdWHroy99KnVB6qIkUbs5X3UQ=="
    }
  },
  "dependencies": {
    "@emotion/is-prop-valid": {
      "version": "0.8.8",
      "resolved": "https://registry.npmjs.org/@emotion/is-prop-valid/-/is-prop-valid-0.8.8.tgz",
      "integrity": "sha512-u5WtneEAr5IDG2Wv65yhunPSMLIpuKsbuOktRojfrEiEvRyC85LgPMZI63cr7NUqT8ZIGdSVg8ZKGxIug4lXcA==",
      "optional": true,
      "requires": {
        "@emotion/memoize": "0.7.4"
      }
    },
    "@emotion/memoize": {
      "version": "0.7.4",
      "resolved": "https://registry.npmjs.org/@emotion/memoize/-/memoize-0.7.4.tgz",
      "integrity": "sha512-Ja/Vfqe3HpuzRsG1oBtWTHk2PGZ7GR+2Vz5iYGelAw8dx32K0y7PjVuxK6z1nMpZOqAFsRUPCkK1YjJ56qJlgw==",
      "optional": true
    },
    "@motionone/animation": {
      "version": "10.10.1",
      "resolved": "https://registry.npmjs.org/@motionone/animation/-/animation-10.10.1.tgz",
      "integrity": "sha512-iX839/Ir5wT7hVX0yCZYjcDhHAOkVR5hIhVBTf37qEUD693uVwrxC2i1BI9vMVPc1rIoFtftYjOtwoO9Oq/aog==",
      "requires": {
        "@motionone/easing": "^10.9.0",
        "@motionone/types": "^10.9.0",
        "@motionone/utils": "^10.9.0",
        "tslib": "^2.3.1"
      }
    },
    "@motionone/dom": {
      "version": "10.11.2",
      "resolved": "https://registry.npmjs.org/@motionone/dom/-/dom-10.11.2.tgz",
      "integrity": "sha512-0SX4acPV1srcnzi0ZKzeq/aqDq86Wwd2G2RiLbLhIGFB3zZB/rJ46yNW3AUhSPKEQLCL20J3e8V4hyfPdEZ5TA==",
      "requires": {
        "@motionone/animation": "^10.10.1",
        "@motionone/generators": "^10.9.0",
        "@motionone/types": "^10.9.0",
        "@motionone/utils": "^10.9.0",
        "hey-listen": "^1.0.8",
        "tslib": "^2.3.1"
      }
    },
    "@motionone/easing": {
      "version": "10.9.0",
      "resolved": "https://registry.npmjs.org/@motionone/easing/-/easing-10.9.0.tgz",
      "integrity": "sha512-FYIr3HlQEb7aE5LOpY6BPQUaPyKeJt6VfGA+npy73+JIGqoVOjbrdZ1ZQxzTXqO76mG3UZvv1+twrDamRQsxFw==",
      "requires": {
        "@motionone/utils": "^10.9.0",
        "tslib": "^2.3.1"
      }
    },
    "@motionone/generators": {
      "version": "10.9.0",
      "resolved": "https://registry.npmjs.org/@motionone/generators/-/generators-10.9.0.tgz",
      "integrity": "sha512-BOkHx4qQswJV+z/6k05qdvRENE4hG606NI5cIPTsLtSuksnRn83utuj/15VTNoFeYHuTdhwzxvIPvlPVayIGTg==",
      "requires": {
        "@motionone/types": "^10.9.0",
        "@motionone/utils": "^10.9.0",
        "tslib": "^2.3.1"
      }
    },
    "@motionone/types": {
      "version": "10.9.0",
      "resolved": "https://registry.npmjs.org/@motionone/types/-/types-10.9.0.tgz",
      "integrity": "sha512-ZcEDfsrS2ym9+vExV7+59avkzEO/PLkNj16uaDvbWhi0Q/vOZ72j2LQTrtDLWVyZRIeUaB/i8DJP017Gj6UYQw=="
    },
    "@motionone/utils": {
      "version": "10.9.0",
      "resolved": "https://registry.npmjs.org/@motionone/utils/-/utils-10.9.0.tgz",
      "integrity": "sha512-5IgmwQ8TdH1HsQ9d2QZeBCu9+HkqjoYRYItRpmusoyiedPMZaKdU3pr3qFP5nbAj68Ww2sTUxgEZEOF20qJA6w==",
      "requires": {
        "@motionone/types": "^10.9.0",
        "hey-listen": "^1.0.8",
        "tslib": "^2.3.1"
      }
    },
    "framer-motion": {
      "version": "6.4.3",
      "resolved": "https://registry.npmjs.org/framer-motion/-/framer-motion-6.4.3.tgz",
      "integrity": "sha512-prcyOGFkGjwGEgbxObIWteVz1ihuWaDLdR03626cbA1GxTaPRpLb8ioJfWPmP5mwcWC7TlhMOjS5kBYnuiktFA==",
      "requires": {
        "@emotion/is-prop-valid": "^0.8.2",
        "@motionone/dom": "^10.11.1",
        "framesync": "6.0.1",
        "hey-listen": "^1.0.8",
        "popmotion": "11.0.3",
        "style-value-types": "5.0.0",
        "tslib": "^2.1.0"
      }
    },
    "framesync": {
      "version": "6.0.1",
      "resolved": "https://registry.npmjs.org/framesync/-/framesync-6.0.1.tgz",
      "integrity": "sha512-fUY88kXvGiIItgNC7wcTOl0SNRCVXMKSWW2Yzfmn7EKNc+MpCzcz9DhdHcdjbrtN3c6R4H5dTY2jiCpPdysEjA==",
      "requires": {
        "tslib": "^2.1.0"
      }
    },
    "hey-listen": {
      "version": "1.0.8",
      "resolved": "https://registry.npmjs.org/hey-listen/-/hey-listen-1.0.8.tgz",
      "integrity": "sha512-COpmrF2NOg4TBWUJ5UVyaCU2A88wEMkUPK4hNqyCkqHbxT92BbvfjoSozkAIIm6XhicGlJHhFdullInrdhwU8Q=="
    },
    "js-tokens": {
      "version": "4.0.0",
      "resolved": "https://registry.npmjs.org/js-tokens/-/js-tokens-4.0.0.tgz",
      "integrity": "sha512-RdJUflcE3cUzKiMqQgsCu06FPu9UdIJO0beYbPhHN4k6apgJtifcoCtT9bcxOpYBtpD2kCM6Sbzg4CausW/PKQ==",
      "peer": true
    },
    "loose-envify": {
      "version": "1.4.0",
      "resolved": "https://registry.npmjs.org/loose-envify/-/loose-envify-1.4.0.tgz",
      "integrity": "sha512-lyuxPGr/Wfhrlem2CL/UcnUc1zcqKAImBDzukY7Y5F/yQiNdko6+fRLevlw1HgMySw7f611UIY408EtxRSoK3Q==",
      "peer": true,
      "requires": {
        "js-tokens": "^3.0.0 || ^4.0.0"
      }
    },
    "popmotion": {
      "version": "11.0.3",
      "resolved": "https://registry.npmjs.org/popmotion/-/popmotion-11.0.3.tgz",
      "integrity": "sha512-Y55FLdj3UxkR7Vl3s7Qr4e9m0onSnP8W7d/xQLsoJM40vs6UKHFdygs6SWryasTZYqugMjm3BepCF4CWXDiHgA==",
      "requires": {
        "framesync": "6.0.1",
        "hey-listen": "^1.0.8",
        "style-value-types": "5.0.0",
        "tslib": "^2.1.0"
      }
    },
    "react": {
      "version": "18.2.0",
      "resolved": "https://registry.npmjs.org/react/-/react-18.2.0.tgz",
      "integrity": "sha512-/3IjMdb2L9QbBdWiW5e3P2/npwMBaU9mHCSCUzNln0ZCYbcfTsGbTJrU/kGemdH2IWmB2ioZ+zkxtmq6g09fGQ==",
      "peer": true,
      "requires": {
        "loose-envify": "^1.1.0"
      }
    },
    "react-dom": {
      "version": "18.2.0",
      "resolved": "https://registry.npmjs.org/react-dom/-/react-dom-18.2.0.tgz",
      "integrity": "sha512-6IMTriUmvsjHUjNtEDudZfuDQUoWXVxKHhlEGSk81n4YFS+r/Kl99wXiwlVXtPBtJenozv2P+hxDsw9eA7Xo6g==",
      "peer": true,
      "requires": {
        "loose-envify": "^1.1.0",
        "scheduler": "^0.23.0"
      }
    },
    "scheduler": {
      "version": "0.23.0",
      "resolved": "https://registry.npmjs.org/scheduler/-/scheduler-0.23.0.tgz",
      "integrity": "sha512-CtuThmgHNg7zIZWAXi3AsyIzA3n4xx7aNyjwC2VJldO2LMVDhFK+63xGqq6CsJH4rTAt6/M+N4GhZiDYPx9eUw==",
      "peer": true,
      "requires": {
        "loose-envify": "^1.1.0"
      }
    },
    "style-value-types": {
      "version": "5.0.0",
      "resolved": "https://registry.npmjs.org/style-value-types/-/style-value-types-5.0.0.tgz",
      "integrity": "sha512-08yq36Ikn4kx4YU6RD7jWEv27v4V+PUsOGa4n/as8Et3CuODMJQ00ENeAVXAeydX4Z2j1XHZF1K2sX4mGl18fA==",
      "requires": {
        "hey-listen": "^1.0.8",
        "tslib": "^2.1.0"
      }
    },
    "tslib": {
      "version": "2.4.0",
      "resolved": "https://registry.npmjs.org/tslib/-/tslib-2.4.0.tgz",
      "integrity": "sha512-d6xOpEDfsi2CZVlPQzGeux8XMwLT9hssAsaPYExaQMuYskwb+x1x7J371tWlbBdWHroy99KnVB6qIkUbs5X3UQ=="
    }
  }
}
